{
    "_readme": [
        "This file locks the dependencies of your project to a known state",
        "Read more about it at https://getcomposer.org/doc/01-basic-usage.md#installing-dependencies",
        "This file is @generated automatically"
    ],
    "content-hash": "9504943b3904c4ffcf4d8acd804344d3",
    "packages": [
        {
            "name": "bacon/bacon-qr-code",
            "version": "v3.0.1",
            "source": {
                "type": "git",
                "url": "https://github.com/Bacon/BaconQrCode.git",
                "reference": "f9cc1f52b5a463062251d666761178dbdb6b544f"
            },
            "dist": {
                "type": "zip",
                "url": "https://api.github.com/repos/Bacon/BaconQrCode/zipball/f9cc1f52b5a463062251d666761178dbdb6b544f",
                "reference": "f9cc1f52b5a463062251d666761178dbdb6b544f",
                "shasum": ""
            },
            "require": {
                "dasprid/enum": "^1.0.3",
                "ext-iconv": "*",
                "php": "^8.1"
            },
            "require-dev": {
                "phly/keep-a-changelog": "^2.12",
                "phpunit/phpunit": "^10.5.11 || 11.0.4",
                "spatie/phpunit-snapshot-assertions": "^5.1.5",
                "squizlabs/php_codesniffer": "^3.9"
            },
            "suggest": {
                "ext-imagick": "to generate QR code images"
            },
            "type": "library",
            "autoload": {
                "psr-4": {
                    "BaconQrCode\\": "src/"
                }
            },
            "notification-url": "https://packagist.org/downloads/",
            "license": [
                "BSD-2-Clause"
            ],
            "authors": [
                {
                    "name": "Ben Scholzen 'DASPRiD'",
                    "email": "mail@dasprids.de",
                    "homepage": "https://dasprids.de/",
                    "role": "Developer"
                }
            ],
            "description": "BaconQrCode is a QR code generator for PHP.",
            "homepage": "https://github.com/Bacon/BaconQrCode",
            "support": {
                "issues": "https://github.com/Bacon/BaconQrCode/issues",
                "source": "https://github.com/Bacon/BaconQrCode/tree/v3.0.1"
            },
            "time": "2024-10-01T13:55:55+00:00"
        },
        {
            "name": "dasprid/enum",
            "version": "1.0.6",
            "source": {
                "type": "git",
                "url": "https://github.com/DASPRiD/Enum.git",
                "reference": "8dfd07c6d2cf31c8da90c53b83c026c7696dda90"
            },
            "dist": {
                "type": "zip",
                "url": "https://api.github.com/repos/DASPRiD/Enum/zipball/8dfd07c6d2cf31c8da90c53b83c026c7696dda90",
                "reference": "8dfd07c6d2cf31c8da90c53b83c026c7696dda90",
                "shasum": ""
            },
            "require": {
                "php": ">=7.1 <9.0"
            },
            "require-dev": {
                "phpunit/phpunit": "^7 || ^8 || ^9 || ^10 || ^11",
                "squizlabs/php_codesniffer": "*"
            },
            "type": "library",
            "autoload": {
                "psr-4": {
                    "DASPRiD\\Enum\\": "src/"
                }
            },
            "notification-url": "https://packagist.org/downloads/",
            "license": [
                "BSD-2-Clause"
            ],
            "authors": [
                {
                    "name": "Ben Scholzen 'DASPRiD'",
                    "email": "mail@dasprids.de",
                    "homepage": "https://dasprids.de/",
                    "role": "Developer"
                }
            ],
            "description": "PHP 7.1 enum implementation",
            "keywords": [
                "enum",
                "map"
            ],
            "support": {
                "issues": "https://github.com/DASPRiD/Enum/issues",
                "source": "https://github.com/DASPRiD/Enum/tree/1.0.6"
            },
            "time": "2024-08-09T14:30:48+00:00"
        },
        {
            "name": "endroid/qr-code",
            "version": "6.0.7",
            "source": {
                "type": "git",
                "url": "https://github.com/endroid/qr-code.git",
                "reference": "de0e510509abf854e2218e4c77ed62321b27ea97"
            },
            "dist": {
                "type": "zip",
                "url": "https://api.github.com/repos/endroid/qr-code/zipball/de0e510509abf854e2218e4c77ed62321b27ea97",
                "reference": "de0e510509abf854e2218e4c77ed62321b27ea97",
                "shasum": ""
            },
            "require": {
                "bacon/bacon-qr-code": "^3.0",
                "php": "^8.2"
            },
            "require-dev": {
                "endroid/quality": "dev-main",
                "ext-gd": "*",
                "khanamiryan/qrcode-detector-decoder": "^2.0.2",
                "setasign/fpdf": "^1.8.2"
            },
            "suggest": {
                "ext-gd": "Enables you to write PNG images",
                "khanamiryan/qrcode-detector-decoder": "Enables you to use the image validator",
                "roave/security-advisories": "Makes sure package versions with known security issues are not installed",
                "setasign/fpdf": "Enables you to use the PDF writer"
            },
            "type": "library",
            "extra": {
                "branch-alias": {
                    "dev-main": "6.x-dev"
                }
            },
            "autoload": {
                "psr-4": {
                    "Endroid\\QrCode\\": "src/"
                }
            },
            "notification-url": "https://packagist.org/downloads/",
            "license": [
                "MIT"
            ],
            "authors": [
                {
                    "name": "Jeroen van den Enden",
                    "email": "info@endroid.nl"
                }
            ],
            "description": "Endroid QR Code",
            "homepage": "https://github.com/endroid/qr-code",
            "keywords": [
                "code",
                "endroid",
                "php",
                "qr",
                "qrcode"
            ],
            "support": {
                "issues": "https://github.com/endroid/qr-code/issues",
                "source": "https://github.com/endroid/qr-code/tree/6.0.7"
            },
            "funding": [
                {
                    "url": "https://github.com/endroid",
                    "type": "github"
                }
            ],
            "time": "2025-04-02T07:06:35+00:00"
        },
        {
            "name": "kmukku/php-iso11649",
            "version": "1.6",
            "source": {
                "type": "git",
                "url": "https://github.com/kmukku/php-iso11649.git",
                "reference": "723863147a8ff1c292c337e9459402f4a35c3b1e"
            },
            "dist": {
                "type": "zip",
                "url": "https://api.github.com/repos/kmukku/php-iso11649/zipball/723863147a8ff1c292c337e9459402f4a35c3b1e",
                "reference": "723863147a8ff1c292c337e9459402f4a35c3b1e",
                "shasum": ""
            },
            "require": {
                "php": ">=5.4.0"
            },
            "type": "library",
            "autoload": {
                "psr-4": {
                    "kmukku\\phpIso11649\\": [
                        "src/"
                    ]
                }
            },
            "notification-url": "https://packagist.org/downloads/",
            "license": [
                "MIT"
            ],
            "authors": [
                {
                    "name": "Keijo Mukku",
                    "email": "keijo.mukku@gmail.com"
                }
            ],
            "description": "ISO 11649 creditor reference library for php",
            "homepage": "https://github.com/kmukku/php-iso11649",
            "keywords": [
                "Banking",
                "ISO 11649",
                "RF creditor reference",
                "finance"
            ],
            "support": {
                "issues": "https://github.com/kmukku/php-iso11649/issues",
                "source": "https://github.com/kmukku/php-iso11649/tree/master"
            },
            "time": "2020-04-21T13:01:17+00:00"
        },
        {
            "name": "sprain/swiss-qr-bill",
            "version": "v4.20",
            "source": {
                "type": "git",
                "url": "https://github.com/sprain/php-swiss-qr-bill.git",
                "reference": "8f709ab60426c9b6cbc43fb03dee364071eda044"
            },
            "dist": {
                "type": "zip",
                "url": "https://api.github.com/repos/sprain/php-swiss-qr-bill/zipball/8f709ab60426c9b6cbc43fb03dee364071eda044",
                "reference": "8f709ab60426c9b6cbc43fb03dee364071eda044",
                "shasum": ""
            },
            "require": {
                "endroid/qr-code": "^4.4.4|^5.0|^6.0",
                "ext-bcmath": "*",
                "ext-dom": "*",
                "kmukku/php-iso11649": "^1.5",
                "php": "~8.1.0|~8.2.0|~8.3.0|~8.4.0",
                "symfony/intl": "^4.4|^5.0|^6.0|^7.0",
                "symfony/polyfill-intl-icu": "^1.23",
                "symfony/polyfill-mbstring": "^1.30",
                "symfony/validator": "^4.4|^5.0|^6.0|^7.0"
            },
            "conflict": {
                "khanamiryan/qrcode-detector-decoder": "1.0.6"
            },
            "require-dev": {
                "dg/bypass-finals": "^1.8",
                "dms/phpunit-arraysubset-asserts": "^0.5",
                "fpdf/fpdf": "^1.85",
                "friendsofphp/php-cs-fixer": "^3.15",
                "khanamiryan/qrcode-detector-decoder": "^2.0.2",
                "nunomaduro/mock-final-classes": "^1.2",
                "phpstan/phpstan": "^1.11-dev",
                "phpunit/phpunit": "^10.5",
                "rector/rector": "^1.2",
                "setasign/fpdf": "^1.8.2",
                "setasign/fpdi": "^2.3.5",
                "tecnickcom/tcpdf": "^6.3.2"
            },
            "suggest": {
                "fpdf/fpdf": "Needed to create pdfs with FpdfOutput",
                "setasign/fpdf": "Needed to create pdfs with Fpdi",
                "setasign/fpdi": "Needed to create pdfs with Fpdi",
                "tecnickcom/tcpdf": "Needed to create pdfs with TcPdfOutput"
            },
            "type": "library",
            "autoload": {
                "psr-4": {
                    "Sprain\\SwissQrBill\\": "src"
                }
            },
            "notification-url": "https://packagist.org/downloads/",
            "license": [
                "MIT"
            ],
            "description": "A PHP library to create Swiss QR bills",
            "support": {
                "issues": "https://github.com/sprain/php-swiss-qr-bill/issues",
                "source": "https://github.com/sprain/php-swiss-qr-bill/tree/v4.20"
            },
            "funding": [
                {
                    "url": "https://github.com/sprain",
                    "type": "github"
                }
            ],
            "time": "2025-02-25T08:57:29+00:00"
        },
        {
            "name": "symfony/deprecation-contracts",
            "version": "v3.5.1",
            "source": {
                "type": "git",
                "url": "https://github.com/symfony/deprecation-contracts.git",
                "reference": "74c71c939a79f7d5bf3c1ce9f5ea37ba0114c6f6"
            },
            "dist": {
                "type": "zip",
                "url": "https://api.github.com/repos/symfony/deprecation-contracts/zipball/74c71c939a79f7d5bf3c1ce9f5ea37ba0114c6f6",
                "reference": "74c71c939a79f7d5bf3c1ce9f5ea37ba0114c6f6",
                "shasum": ""
            },
            "require": {
                "php": ">=8.1"
            },
            "type": "library",
            "extra": {
                "thanks": {
                    "url": "https://github.com/symfony/contracts",
                    "name": "symfony/contracts"
                },
                "branch-alias": {
                    "dev-main": "3.5-dev"
                }
            },
            "autoload": {
                "files": [
                    "function.php"
                ]
            },
            "notification-url": "https://packagist.org/downloads/",
            "license": [
                "MIT"
            ],
            "authors": [
                {
                    "name": "Nicolas Grekas",
                    "email": "p@tchwork.com"
                },
                {
                    "name": "Symfony Community",
                    "homepage": "https://symfony.com/contributors"
                }
            ],
            "description": "A generic function and convention to trigger deprecation notices",
            "homepage": "https://symfony.com",
            "support": {
                "source": "https://github.com/symfony/deprecation-contracts/tree/v3.5.1"
            },
            "funding": [
                {
                    "url": "https://symfony.com/sponsor",
                    "type": "custom"
                },
                {
                    "url": "https://github.com/fabpot",
                    "type": "github"
                },
                {
                    "url": "https://tidelift.com/funding/github/packagist/symfony/symfony",
                    "type": "tidelift"
                }
            ],
            "time": "2024-09-25T14:20:29+00:00"
        },
        {
            "name": "symfony/intl",
            "version": "v7.2.0",
            "source": {
                "type": "git",
                "url": "https://github.com/symfony/intl.git",
                "reference": "76bb3462c6c308f8bd97d3c178c2626ae44d4dea"
            },
            "dist": {
                "type": "zip",
                "url": "https://api.github.com/repos/symfony/intl/zipball/76bb3462c6c308f8bd97d3c178c2626ae44d4dea",
                "reference": "76bb3462c6c308f8bd97d3c178c2626ae44d4dea",
                "shasum": ""
            },
            "require": {
                "php": ">=8.2",
                "symfony/deprecation-contracts": "^2.5|^3"
            },
            "conflict": {
                "symfony/string": "<7.1"
            },
            "require-dev": {
                "symfony/filesystem": "^6.4|^7.0",
                "symfony/var-exporter": "^6.4|^7.0"
            },
            "type": "library",
            "autoload": {
                "psr-4": {
                    "Symfony\\Component\\Intl\\": ""
                },
                "exclude-from-classmap": [
                    "/Tests/",
                    "/Resources/data/"
                ]
            },
            "notification-url": "https://packagist.org/downloads/",
            "license": [
                "MIT"
            ],
            "authors": [
                {
                    "name": "Bernhard Schussek",
                    "email": "bschussek@gmail.com"
                },
                {
                    "name": "Eriksen Costa",
                    "email": "eriksen.costa@infranology.com.br"
                },
                {
                    "name": "Igor Wiedler",
                    "email": "igor@wiedler.ch"
                },
                {
                    "name": "Symfony Community",
                    "homepage": "https://symfony.com/contributors"
                }
            ],
            "description": "Provides access to the localization data of the ICU library",
            "homepage": "https://symfony.com",
            "keywords": [
                "i18n",
                "icu",
                "internationalization",
                "intl",
                "l10n",
                "localization"
            ],
            "support": {
                "source": "https://github.com/symfony/intl/tree/v7.2.0"
            },
            "funding": [
                {
                    "url": "https://symfony.com/sponsor",
                    "type": "custom"
                },
                {
                    "url": "https://github.com/fabpot",
                    "type": "github"
                },
                {
                    "url": "https://tidelift.com/funding/github/packagist/symfony/symfony",
                    "type": "tidelift"
                }
            ],
            "time": "2024-11-25T14:26:33+00:00"
        },
        {
            "name": "symfony/polyfill-ctype",
            "version": "v1.31.0",
            "source": {
                "type": "git",
                "url": "https://github.com/symfony/polyfill-ctype.git",
                "reference": "a3cc8b044a6ea513310cbd48ef7333b384945638"
            },
            "dist": {
                "type": "zip",
                "url": "https://api.github.com/repos/symfony/polyfill-ctype/zipball/a3cc8b044a6ea513310cbd48ef7333b384945638",
                "reference": "a3cc8b044a6ea513310cbd48ef7333b384945638",
                "shasum": ""
            },
            "require": {
                "php": ">=7.2"
            },
            "provide": {
                "ext-ctype": "*"
            },
            "suggest": {
                "ext-ctype": "For best performance"
            },
            "type": "library",
            "extra": {
                "thanks": {
                    "url": "https://github.com/symfony/polyfill",
                    "name": "symfony/polyfill"
                }
            },
            "autoload": {
                "files": [
                    "bootstrap.php"
                ],
                "psr-4": {
                    "Symfony\\Polyfill\\Ctype\\": ""
                }
            },
            "notification-url": "https://packagist.org/downloads/",
            "license": [
                "MIT"
            ],
            "authors": [
                {
                    "name": "Gert de Pagter",
                    "email": "BackEndTea@gmail.com"
                },
                {
                    "name": "Symfony Community",
                    "homepage": "https://symfony.com/contributors"
                }
            ],
            "description": "Symfony polyfill for ctype functions",
            "homepage": "https://symfony.com",
            "keywords": [
                "compatibility",
                "ctype",
                "polyfill",
                "portable"
            ],
            "support": {
                "source": "https://github.com/symfony/polyfill-ctype/tree/v1.31.0"
            },
            "funding": [
                {
                    "url": "https://symfony.com/sponsor",
                    "type": "custom"
                },
                {
                    "url": "https://github.com/fabpot",
                    "type": "github"
                },
                {
                    "url": "https://tidelift.com/funding/github/packagist/symfony/symfony",
                    "type": "tidelift"
                }
            ],
            "time": "2024-09-09T11:45:10+00:00"
        },
        {
            "name": "symfony/polyfill-intl-icu",
            "version": "v1.31.0",
            "source": {
                "type": "git",
                "url": "https://github.com/symfony/polyfill-intl-icu.git",
                "reference": "d80a05e9904d2c2b9b95929f3e4b5d3a8f418d78"
            },
            "dist": {
                "type": "zip",
                "url": "https://api.github.com/repos/symfony/polyfill-intl-icu/zipball/d80a05e9904d2c2b9b95929f3e4b5d3a8f418d78",
                "reference": "d80a05e9904d2c2b9b95929f3e4b5d3a8f418d78",
                "shasum": ""
            },
            "require": {
                "php": ">=7.2"
            },
            "suggest": {
                "ext-intl": "For best performance and support of other locales than \"en\""
            },
            "type": "library",
            "extra": {
                "thanks": {
                    "url": "https://github.com/symfony/polyfill",
                    "name": "symfony/polyfill"
                }
            },
            "autoload": {
                "files": [
                    "bootstrap.php"
                ],
                "psr-4": {
                    "Symfony\\Polyfill\\Intl\\Icu\\": ""
                },
                "classmap": [
                    "Resources/stubs"
                ],
                "exclude-from-classmap": [
                    "/Tests/"
                ]
            },
            "notification-url": "https://packagist.org/downloads/",
            "license": [
                "MIT"
            ],
            "authors": [
                {
                    "name": "Nicolas Grekas",
                    "email": "p@tchwork.com"
                },
                {
                    "name": "Symfony Community",
                    "homepage": "https://symfony.com/contributors"
                }
            ],
            "description": "Symfony polyfill for intl's ICU-related data and classes",
            "homepage": "https://symfony.com",
            "keywords": [
                "compatibility",
                "icu",
                "intl",
                "polyfill",
                "portable",
                "shim"
            ],
            "support": {
                "source": "https://github.com/symfony/polyfill-intl-icu/tree/v1.31.0"
            },
            "funding": [
                {
                    "url": "https://symfony.com/sponsor",
                    "type": "custom"
                },
                {
                    "url": "https://github.com/fabpot",
                    "type": "github"
                },
                {
                    "url": "https://tidelift.com/funding/github/packagist/symfony/symfony",
                    "type": "tidelift"
                }
            ],
            "time": "2024-09-09T11:45:10+00:00"
        },
        {
            "name": "symfony/polyfill-mbstring",
            "version": "v1.31.0",
            "source": {
                "type": "git",
                "url": "https://github.com/symfony/polyfill-mbstring.git",
                "reference": "85181ba99b2345b0ef10ce42ecac37612d9fd341"
            },
            "dist": {
                "type": "zip",
                "url": "https://api.github.com/repos/symfony/polyfill-mbstring/zipball/85181ba99b2345b0ef10ce42ecac37612d9fd341",
                "reference": "85181ba99b2345b0ef10ce42ecac37612d9fd341",
                "shasum": ""
            },
            "require": {
                "php": ">=7.2"
            },
            "provide": {
                "ext-mbstring": "*"
            },
            "suggest": {
                "ext-mbstring": "For best performance"
            },
            "type": "library",
            "extra": {
                "thanks": {
                    "url": "https://github.com/symfony/polyfill",
                    "name": "symfony/polyfill"
                }
            },
            "autoload": {
                "files": [
                    "bootstrap.php"
                ],
                "psr-4": {
                    "Symfony\\Polyfill\\Mbstring\\": ""
                }
            },
            "notification-url": "https://packagist.org/downloads/",
            "license": [
                "MIT"
            ],
            "authors": [
                {
                    "name": "Nicolas Grekas",
                    "email": "p@tchwork.com"
                },
                {
                    "name": "Symfony Community",
                    "homepage": "https://symfony.com/contributors"
                }
            ],
            "description": "Symfony polyfill for the Mbstring extension",
            "homepage": "https://symfony.com",
            "keywords": [
                "compatibility",
                "mbstring",
                "polyfill",
                "portable",
                "shim"
            ],
            "support": {
                "source": "https://github.com/symfony/polyfill-mbstring/tree/v1.31.0"
            },
            "funding": [
                {
                    "url": "https://symfony.com/sponsor",
                    "type": "custom"
                },
                {
                    "url": "https://github.com/fabpot",
                    "type": "github"
                },
                {
                    "url": "https://tidelift.com/funding/github/packagist/symfony/symfony",
                    "type": "tidelift"
                }
            ],
            "time": "2024-09-09T11:45:10+00:00"
        },
        {
            "name": "symfony/polyfill-php83",
            "version": "v1.31.0",
            "source": {
                "type": "git",
                "url": "https://github.com/symfony/polyfill-php83.git",
                "reference": "2fb86d65e2d424369ad2905e83b236a8805ba491"
            },
            "dist": {
                "type": "zip",
                "url": "https://api.github.com/repos/symfony/polyfill-php83/zipball/2fb86d65e2d424369ad2905e83b236a8805ba491",
                "reference": "2fb86d65e2d424369ad2905e83b236a8805ba491",
                "shasum": ""
            },
            "require": {
                "php": ">=7.2"
            },
            "type": "library",
            "extra": {
                "thanks": {
                    "url": "https://github.com/symfony/polyfill",
                    "name": "symfony/polyfill"
                }
            },
            "autoload": {
                "files": [
                    "bootstrap.php"
                ],
                "psr-4": {
                    "Symfony\\Polyfill\\Php83\\": ""
                },
                "classmap": [
                    "Resources/stubs"
                ]
            },
            "notification-url": "https://packagist.org/downloads/",
            "license": [
                "MIT"
            ],
            "authors": [
                {
                    "name": "Nicolas Grekas",
                    "email": "p@tchwork.com"
                },
                {
                    "name": "Symfony Community",
                    "homepage": "https://symfony.com/contributors"
                }
            ],
            "description": "Symfony polyfill backporting some PHP 8.3+ features to lower PHP versions",
            "homepage": "https://symfony.com",
            "keywords": [
                "compatibility",
                "polyfill",
                "portable",
                "shim"
            ],
            "support": {
                "source": "https://github.com/symfony/polyfill-php83/tree/v1.31.0"
            },
            "funding": [
                {
                    "url": "https://symfony.com/sponsor",
                    "type": "custom"
                },
                {
                    "url": "https://github.com/fabpot",
                    "type": "github"
                },
                {
                    "url": "https://tidelift.com/funding/github/packagist/symfony/symfony",
                    "type": "tidelift"
                }
            ],
            "time": "2024-09-09T11:45:10+00:00"
        },
        {
            "name": "symfony/translation-contracts",
            "version": "v3.5.1",
            "source": {
                "type": "git",
                "url": "https://github.com/symfony/translation-contracts.git",
                "reference": "4667ff3bd513750603a09c8dedbea942487fb07c"
            },
            "dist": {
                "type": "zip",
                "url": "https://api.github.com/repos/symfony/translation-contracts/zipball/4667ff3bd513750603a09c8dedbea942487fb07c",
                "reference": "4667ff3bd513750603a09c8dedbea942487fb07c",
                "shasum": ""
            },
            "require": {
                "php": ">=8.1"
            },
            "type": "library",
            "extra": {
                "thanks": {
                    "url": "https://github.com/symfony/contracts",
                    "name": "symfony/contracts"
                },
                "branch-alias": {
                    "dev-main": "3.5-dev"
                }
            },
            "autoload": {
                "psr-4": {
                    "Symfony\\Contracts\\Translation\\": ""
                },
                "exclude-from-classmap": [
                    "/Test/"
                ]
            },
            "notification-url": "https://packagist.org/downloads/",
            "license": [
                "MIT"
            ],
            "authors": [
                {
                    "name": "Nicolas Grekas",
                    "email": "p@tchwork.com"
                },
                {
                    "name": "Symfony Community",
                    "homepage": "https://symfony.com/contributors"
                }
            ],
            "description": "Generic abstractions related to translation",
            "homepage": "https://symfony.com",
            "keywords": [
                "abstractions",
                "contracts",
                "decoupling",
                "interfaces",
                "interoperability",
                "standards"
            ],
            "support": {
                "source": "https://github.com/symfony/translation-contracts/tree/v3.5.1"
            },
            "funding": [
                {
                    "url": "https://symfony.com/sponsor",
                    "type": "custom"
                },
                {
                    "url": "https://github.com/fabpot",
                    "type": "github"
                },
                {
                    "url": "https://tidelift.com/funding/github/packagist/symfony/symfony",
                    "type": "tidelift"
                }
            ],
            "time": "2024-09-25T14:20:29+00:00"
        },
        {
            "name": "symfony/validator",
            "version": "v7.2.5",
            "source": {
                "type": "git",
                "url": "https://github.com/symfony/validator.git",
                "reference": "d7edd7f44defbc4e0230512f929b5f4c067bb93e"
            },
            "dist": {
                "type": "zip",
                "url": "https://api.github.com/repos/symfony/validator/zipball/d7edd7f44defbc4e0230512f929b5f4c067bb93e",
                "reference": "d7edd7f44defbc4e0230512f929b5f4c067bb93e",
                "shasum": ""
            },
            "require": {
                "php": ">=8.2",
                "symfony/deprecation-contracts": "^2.5|^3",
                "symfony/polyfill-ctype": "~1.8",
                "symfony/polyfill-mbstring": "~1.0",
                "symfony/polyfill-php83": "^1.27",
                "symfony/translation-contracts": "^2.5|^3"
            },
            "conflict": {
                "doctrine/lexer": "<1.1",
                "symfony/dependency-injection": "<6.4",
                "symfony/doctrine-bridge": "<7.0",
                "symfony/expression-language": "<6.4",
                "symfony/http-kernel": "<6.4",
                "symfony/intl": "<6.4",
                "symfony/property-info": "<6.4",
                "symfony/translation": "<6.4.3|>=7.0,<7.0.3",
                "symfony/yaml": "<6.4"
            },
            "require-dev": {
                "egulias/email-validator": "^2.1.10|^3|^4",
                "symfony/cache": "^6.4|^7.0",
                "symfony/config": "^6.4|^7.0",
                "symfony/console": "^6.4|^7.0",
                "symfony/dependency-injection": "^6.4|^7.0",
                "symfony/expression-language": "^6.4|^7.0",
                "symfony/finder": "^6.4|^7.0",
                "symfony/http-client": "^6.4|^7.0",
                "symfony/http-foundation": "^6.4|^7.0",
                "symfony/http-kernel": "^6.4|^7.0",
                "symfony/intl": "^6.4|^7.0",
                "symfony/mime": "^6.4|^7.0",
                "symfony/property-access": "^6.4|^7.0",
                "symfony/property-info": "^6.4|^7.0",
                "symfony/translation": "^6.4.3|^7.0.3",
                "symfony/type-info": "^7.1",
                "symfony/yaml": "^6.4|^7.0"
            },
            "type": "library",
            "autoload": {
                "psr-4": {
                    "Symfony\\Component\\Validator\\": ""
                },
                "exclude-from-classmap": [
                    "/Tests/",
                    "/Resources/bin/"
                ]
            },
            "notification-url": "https://packagist.org/downloads/",
            "license": [
                "MIT"
            ],
            "authors": [
                {
                    "name": "Fabien Potencier",
                    "email": "fabien@symfony.com"
                },
                {
                    "name": "Symfony Community",
                    "homepage": "https://symfony.com/contributors"
                }
            ],
            "description": "Provides tools to validate values",
            "homepage": "https://symfony.com",
            "support": {
                "source": "https://github.com/symfony/validator/tree/v7.2.5"
            },
            "funding": [
                {
                    "url": "https://symfony.com/sponsor",
                    "type": "custom"
                },
                {
                    "url": "https://github.com/fabpot",
                    "type": "github"
                },
                {
                    "url": "https://tidelift.com/funding/github/packagist/symfony/symfony",
                    "type": "tidelift"
                }
            ],
            "time": "2025-03-21T15:05:21+00:00"
        }
    ],
    "packages-dev": [],
    "aliases": [],
    "minimum-stability": "stable",
    "stability-flags": {},
    "prefer-stable": false,
    "prefer-lowest": false,
    "platform": {},
    "platform-dev": {},
    "plugin-api-version": "2.6.0"
}
